
Microsoft Visual Studio Solution File, Format Version 12.00
# Visual Studio Version 16
VisualStudioVersion = 16.0.31613.86
MinimumVisualStudioVersion = 10.0.40219.1
Project("{9A19103F-16F7-4668-BE54-9A1E7A4F7556}") = "Finances03", "Finances03\Finances03.csproj", "{553FCF6D-6CAA-4ADD-A33D-ACC74FD2DB4F}"
EndProject
Project("{FAE04EC0-301F-11D3-BF4B-00C04F79EFBC}") = "ReverseRow", "ReverseRow\ReverseRow.csproj", "{0CD600D5-B9A3-47E7-9D08-75A929D56501}"
EndProject
Project("{FAE04EC0-301F-11D3-BF4B-00C04F79EFBC}") = "ReverseRowTest", "ReverseRowTest\ReverseRowTest.csproj", "{C4924EDF-77BD-419F-ADA7-19BD43EB0F94}"
EndProject
Project("{FAE04EC0-301F-11D3-BF4B-00C04F79EFBC}") = "EmailText", "EmailText\EmailText.csproj", "{8DC19882-F046-4B6B-9061-676299C8E224}"
EndProject
Global
	GlobalSection(SolutionConfigurationPlatforms) = preSolution
		Debug|Any CPU = Debug|Any CPU
		Release|Any CPU = Release|Any CPU
	EndGlobalSection
	GlobalSection(ProjectConfigurationPlatforms) = postSolution
		{553FCF6D-6CAA-4ADD-A33D-ACC74FD2DB4F}.Debug|Any CPU.ActiveCfg = Debug|Any CPU
		{553FCF6D-6CAA-4ADD-A33D-ACC74FD2DB4F}.Debug|Any CPU.Build.0 = Debug|Any CPU
		{553FCF6D-6CAA-4ADD-A33D-ACC74FD2DB4F}.Release|Any CPU.ActiveCfg = Release|Any CPU
		{553FCF6D-6CAA-4ADD-A33D-ACC74FD2DB4F}.Release|Any CPU.Build.0 = Release|Any CPU
		{0CD600D5-B9A3-47E7-9D08-75A929D56501}.Debug|Any CPU.ActiveCfg = Debug|Any CPU
		{0CD600D5-B9A3-47E7-9D08-75A929D56501}.Debug|Any CPU.Build.0 = Debug|Any CPU
		{0CD600D5-B9A3-47E7-9D08-75A929D56501}.Release|Any CPU.ActiveCfg = Release|Any CPU
		{0CD600D5-B9A3-47E7-9D08-75A929D56501}.Release|Any CPU.Build.0 = Release|Any CPU
		{C4924EDF-77BD-419F-ADA7-19BD43EB0F94}.Debug|Any CPU.ActiveCfg = Debug|Any CPU
		{C4924EDF-77BD-419F-ADA7-19BD43EB0F94}.Debug|Any CPU.Build.0 = Debug|Any CPU
		{C4924EDF-77BD-419F-ADA7-19BD43EB0F94}.Release|Any CPU.ActiveCfg = Release|Any CPU
		{C4924EDF-77BD-419F-ADA7-19BD43EB0F94}.Release|Any CPU.Build.0 = Release|Any CPU
		{8DC19882-F046-4B6B-9061-676299C8E224}.Debug|Any CPU.ActiveCfg = Debug|Any CPU
		{8DC19882-F046-4B6B-9061-676299C8E224}.Debug|Any CPU.Build.0 = Debug|Any CPU
		{8DC19882-F046-4B6B-9061-676299C8E224}.Release|Any CPU.ActiveCfg = Release|Any CPU
		{8DC19882-F046-4B6B-9061-676299C8E224}.Release|Any CPU.Build.0 = Release|Any CPU
	EndGlobalSection
	GlobalSection(SolutionProperties) = preSolution
		HideSolutionNode = FALSE
	EndGlobalSection
	GlobalSection(ExtensibilityGlobals) = postSolution
		SolutionGuid = {6796D107-4E0D-485B-969A-6B733C22D53A}
	EndGlobalSection
EndGlobal
